
Microsoft Visual Studio Solution File, Format Version 12.00
# Visual Studio 15
VisualStudioVersion = 15.0.27004.2010
MinimumVisualStudioVersion = 10.0.40219.1
Project("{FAE04EC0-301F-11D3-BF4B-00C04F79EFBC}") = "GitDeployPackTest", "GitDeployPackTest\GitDeployPackTest.csproj", "{7E4041BF-155A-408A-B407-6CABA0928340}"
EndProject
Project("{FAE04EC0-301F-11D3-BF4B-00C04F79EFBC}") = "GitDeployPack.Core", "GitDeployPack.Core\GitDeployPack.Core.csproj", "{39FF2A0D-1EAD-44C3-97F2-A6AADBADD18D}"
EndProject
Project("{FAE04EC0-301F-11D3-BF4B-00C04F79EFBC}") = "GitDeployPack.Console", "GitDeployPack\GitDeployPack.Console.csproj", "{17604D79-8901-46A9-A04D-4D949BB07BFE}"
EndProject
Global
	GlobalSection(SolutionConfigurationPlatforms) = preSolution
		Debug|Any CPU = Debug|Any CPU
		Release|Any CPU = Release|Any CPU
	EndGlobalSection
	GlobalSection(ProjectConfigurationPlatforms) = postSolution
		{7E4041BF-155A-408A-B407-6CABA0928340}.Debug|Any CPU.ActiveCfg = Debug|Any CPU
		{7E4041BF-155A-408A-B407-6CABA0928340}.Debug|Any CPU.Build.0 = Debug|Any CPU
		{7E4041BF-155A-408A-B407-6CABA0928340}.Release|Any CPU.ActiveCfg = Release|Any CPU
		{7E4041BF-155A-408A-B407-6CABA0928340}.Release|Any CPU.Build.0 = Release|Any CPU
		{39FF2A0D-1EAD-44C3-97F2-A6AADBADD18D}.Debug|Any CPU.ActiveCfg = Debug|Any CPU
		{39FF2A0D-1EAD-44C3-97F2-A6AADBADD18D}.Debug|Any CPU.Build.0 = Debug|Any CPU
		{39FF2A0D-1EAD-44C3-97F2-A6AADBADD18D}.Release|Any CPU.ActiveCfg = Release|Any CPU
		{39FF2A0D-1EAD-44C3-97F2-A6AADBADD18D}.Release|Any CPU.Build.0 = Release|Any CPU
		{17604D79-8901-46A9-A04D-4D949BB07BFE}.Debug|Any CPU.ActiveCfg = Debug|Any CPU
		{17604D79-8901-46A9-A04D-4D949BB07BFE}.Debug|Any CPU.Build.0 = Debug|Any CPU
		{17604D79-8901-46A9-A04D-4D949BB07BFE}.Release|Any CPU.ActiveCfg = Release|Any CPU
		{17604D79-8901-46A9-A04D-4D949BB07BFE}.Release|Any CPU.Build.0 = Release|Any CPU
	EndGlobalSection
	GlobalSection(SolutionProperties) = preSolution
		HideSolutionNode = FALSE
	EndGlobalSection
	GlobalSection(ExtensibilityGlobals) = postSolution
		SolutionGuid = {3E951DD8-C2B8-49D5-B859-781F2EF446C0}
	EndGlobalSection
EndGlobal
